
Microsoft Visual Studio Solution File, Format Version 12.00
# Visual Studio Version 17
VisualStudioVersion = 17.4.33103.184
MinimumVisualStudioVersion = 10.0.40219.1
Project("{FAE04EC0-301F-11D3-BF4B-00C04F79EFBC}") = "Zd_1", "Zd_1.csproj", "{F5526F43-C603-4C22-BB50-2349AE9360A0}"
EndProject
Global
	GlobalSection(SolutionConfigurationPlatforms) = preSolution
		Debug|Any CPU = Debug|Any CPU
		Release|Any CPU = Release|Any CPU
	EndGlobalSection
	GlobalSection(ProjectConfigurationPlatforms) = postSolution
		{F5526F43-C603-4C22-BB50-2349AE9360A0}.Debug|Any CPU.ActiveCfg = Debug|Any CPU
		{F5526F43-C603-4C22-BB50-2349AE9360A0}.Debug|Any CPU.Build.0 = Debug|Any CPU
		{F5526F43-C603-4C22-BB50-2349AE9360A0}.Release|Any CPU.ActiveCfg = Release|Any CPU
		{F5526F43-C603-4C22-BB50-2349AE9360A0}.Release|Any CPU.Build.0 = Release|Any CPU
	EndGlobalSection
	GlobalSection(SolutionProperties) = preSolution
		HideSolutionNode = FALSE
	EndGlobalSection
	GlobalSection(ExtensibilityGlobals) = postSolution
		SolutionGuid = {FB037B5D-2BF7-45A5-8D02-F3174DA324CF}
	EndGlobalSection
EndGlobal
